uuid: 687c6a23-430b-4b85-a448-9801e16ccd55
langcode: en
status: true
dependencies:
  module:
    - block_content
    - entity_reference_revisions
    - node
id: node.field_block
field_name: field_block
entity_type: node
type: entity_reference_revisions
settings:
  target_type: block_content
module: entity_reference_revisions
locked: false
cardinality: -1
translatable: true
indexes: {  }
persist_with_no_fields: false
custom_storage: false
