uuid: 49a4e848-0722-4f16-9cb3-f685b7e64319
langcode: en
status: true
dependencies:
  module:
    - nys_senator_dashboard
    - system
    - user
  theme:
    - nys
id: nys_bill_vote_count_block
theme: nys
region: content
weight: -15
provider: null
plugin: senator_dashboard_bill_vote_count_block
settings:
  id: senator_dashboard_bill_vote_count_block
  label: 'All Activity'
  label_display: visible
  provider: nys_senator_dashboard
  context_mapping: {  }
visibility:
  request_path:
    id: request_path
    negate: false
    pages: '/senator-dashboard/constituent-activity/bills/*'
  user_role:
    id: user_role
    negate: false
    context_mapping:
      user: '@user.current_user_context:current_user'
    roles:
      microsite_content_producer: microsite_content_producer
      legislative_correspondent: legislative_correspondent
