uuid: 2dde29cb-5554-4c49-b297-4e736d6d2ff4
langcode: en
status: true
dependencies:
  config:
    - block_content.type.blocks
    - field.storage.block_content.field_block
  module:
    - block_field
id: block_content.blocks.field_block
field_name: field_block
entity_type: block_content
bundle: blocks
label: Block
description: ''
required: false
translatable: false
default_value: {  }
default_value_callback: ''
settings:
  selection: categories
  selection_settings:
    categories:
      Twitter: Twitter
      Views: Views
      Block: '0'
      'Chaos Tools': '0'
      'Comment fields': '0'
      'Content fields': '0'
      'Content moderation state fields': '0'
      core: '0'
      Custom: '0'
      'Custom block fields': '0'
      'Custom menu link fields': '0'
      Devel: '0'
      'Entity subqueue fields': '0'
      'File fields': '0'
      'Flagging fields': '0'
      Forms: '0'
      Geolocation: '0'
      Help: '0'
      'Inline blocks': '0'
      'Job Schedule fields': '0'
      'Lists (Views)': '0'
      'Media fields': '0'
      Menus: '0'
      'NYS Messaging': '0'
      'NYS Senators': '0'
      'Paragraph fields': '0'
      'Private Message': '0'
      'Private Message fields': '0'
      'Private Message Thread fields': '0'
      'Redirect fields': '0'
      'Search task fields': '0'
      'Shortcut link fields': '0'
      'Subscription fields': '0'
      System: '0'
      'Taxonomy term fields': '0'
      'Unmanaged Files fields': '0'
      'URL alias fields': '0'
      User: '0'
      'User fields': '0'
      'Vote fields': '0'
      'Vote result fields': '0'
      Webform: '0'
      'Webform submission fields': '0'
field_type: block_field
