uuid: 0c29baa4-9616-4237-84a9-728b2cd66104
langcode: en
status: true
dependencies:
  config:
    - block_content.type.accordion
    - block_content.type.earth_day_letter
    - block_content.type.embed
    - block_content.type.featured_content
    - block_content.type.featured_issue
    - block_content.type.featured_legislation
    - block_content.type.form
    - block_content.type.global_block
    - block_content.type.hero
    - block_content.type.inactive_senator_block
    - block_content.type.map
    - block_content.type.media
    - block_content.type.microsite_contact
    - block_content.type.microsite_contact_webform
    - block_content.type.microsite_district_block
    - block_content.type.microsite_hero
    - block_content.type.microsite_school_form_submission
    - block_content.type.promotional_banners_list
    - block_content.type.quote
    - block_content.type.senator_committees
    - block_content.type.senator_microsite_about_info
    - block_content.type.senator_microsite_menu
    - block_content.type.senator_microsite_school_forms
    - block_content.type.sincerely
    - block_content.type.slider
    - block_content.type.text
    - block_content.type.thankful_letter
    - block_content.type.views
    - field.storage.node.field_block
    - node.type.microsite_page
  module:
    - entity_reference_revisions
id: node.microsite_page.field_block
field_name: field_block
entity_type: node
bundle: microsite_page
label: Blocks
description: ''
required: false
translatable: true
default_value: {  }
default_value_callback: ''
settings:
  handler: 'default:block_content'
  handler_settings:
    target_bundles:
      accordion: accordion
      microsite_district_block: microsite_district_block
      earth_day_letter: earth_day_letter
      embed: embed
      featured_content: featured_content
      featured_issue: featured_issue
      featured_legislation: featured_legislation
      form: form
      global_block: global_block
      hero: hero
      inactive_senator_block: inactive_senator_block
      views: views
      map: map
      media: media
      microsite_contact: microsite_contact
      microsite_school_form_submission: microsite_school_form_submission
      promotional_banners_list: promotional_banners_list
      quote: quote
      senator_committees: senator_committees
      senator_microsite_about_info: senator_microsite_about_info
      microsite_hero: microsite_hero
      senator_microsite_menu: senator_microsite_menu
      senator_microsite_school_forms: senator_microsite_school_forms
      sincerely: sincerely
      slider: slider
      text: text
      thankful_letter: thankful_letter
      microsite_contact_webform: microsite_contact_webform
    sort:
      field: _none
      direction: ASC
    auto_create: false
    auto_create_bundle: accordion
field_type: entity_reference_revisions
