uuid: 0c29baa4-9616-4237-84a9-728b2cd66104
langcode: en
status: true
dependencies:
  config:
    - block_content.type.accordion
    - block_content.type.breaker
    - block_content.type.card
    - block_content.type.card_list
    - block_content.type.embed
    - block_content.type.featured_content
    - block_content.type.form
    - block_content.type.gallery
    - block_content.type.gallery_carousel
    - block_content.type.hero
    - block_content.type.map
    - block_content.type.media
    - block_content.type.microsite_hero
    - block_content.type.promotional_banners_list
    - block_content.type.promotional_banner
    - block_content.type.quote
    - block_content.type.quote_carousel
    - block_content.type.senator_microsite_menu
    - block_content.type.slider
    - block_content.type.text
    - block_content.type.views
    - field.storage.node.field_block
    - node.type.microsite_page
  module:
    - entity_reference_revisions
id: node.microsite_page.field_block
field_name: field_block
entity_type: node
bundle: microsite_page
label: Blocks
description: ''
required: false
translatable: true
default_value: {  }
default_value_callback: ''
settings:
  handler: 'default:block_content'
  handler_settings:
    target_bundles:
      accordion: accordion
      breaker: breaker
      card: card
      card_list: card_list
      embed: embed
      featured_content: featured_content
      form: form
      gallery: gallery
      gallery_carousel: gallery_carousel
      hero: hero
      views: views
      map: map
      media: media
      microsite_hero: microsite_hero
      promotional_banners_list: promotional_banners_list
      promotional_banner: promotional_banner
      quote: quote
      quote_carousel: quote_carousel
      senator_microsite_menu: senator_microsite_menu
      slider: slider
      text: text
    sort:
      field: _none
      direction: ASC
    auto_create: false
    auto_create_bundle: accordion
field_type: entity_reference_revisions
