uuid: 907894b3-4c8d-4758-9ae1-dcab10e1f0cb
langcode: en
status: true
dependencies:
  config:
    - block_content.type.inactive_senator_block
id: block_content.inactive_senator_block
target_entity_type_id: block_content
target_bundle: inactive_senator_block
default_langcode: site_default
language_alterable: false
