uuid: 4ad1fb1f-1230-4dfe-954d-79e9236ab952
langcode: en
status: true
dependencies:
  config:
    - block_content.type.microsite_district_block
id: block_content.microsite_district_block
target_entity_type_id: block_content
target_bundle: microsite_district_block
default_langcode: site_default
language_alterable: false
