uuid: 58560f81-deb9-47f6-9051-728dbb18dc21
langcode: en
status: true
dependencies:
  config:
    - block_content.type.honoree_profile_block
id: block_content.honoree_profile_block
target_entity_type_id: block_content
target_bundle: honoree_profile_block
default_langcode: site_default
language_alterable: false
